// !$*UTF8*$!
{
	archiveVersion = 1;
	classes = {
	};
	objectVersion = 56;
	objects = {

/* Begin PBXBuildFile section */
		BDABEEFD2B86745200740FD4 /* NewYorkSchoolsListApp.swift in Sources */ = {isa = PBXBuildFile; fileRef = BDABEEFC2B86745200740FD4 /* NewYorkSchoolsListApp.swift */; };
		BDABEEFF2B86745200740FD4 /* MainSchoolView.swift in Sources */ = {isa = PBXBuildFile; fileRef = BDABEEFE2B86745200740FD4 /* MainSchoolView.swift */; };
		BDABEF012B86745400740FD4 /* Assets.xcassets in Resources */ = {isa = PBXBuildFile; fileRef = BDABEF002B86745400740FD4 /* Assets.xcassets */; };
		BDABEF042B86745400740FD4 /* Preview Assets.xcassets in Resources */ = {isa = PBXBuildFile; fileRef = BDABEF032B86745400740FD4 /* Preview Assets.xcassets */; };
		BDABEF0B2B86752D00740FD4 /* School.json in Resources */ = {isa = PBXBuildFile; fileRef = BDABEF0A2B86752D00740FD4 /* School.json */; };
		BDABEF162B8677A800740FD4 /* MainSchoolViewModel.swift in Sources */ = {isa = PBXBuildFile; fileRef = BDABEF152B8677A800740FD4 /* MainSchoolViewModel.swift */; };
		BDABEF1E2B86875400740FD4 /* NewYorkSchoolsListTests.swift in Sources */ = {isa = PBXBuildFile; fileRef = BDABEF1D2B86875400740FD4 /* NewYorkSchoolsListTests.swift */; };
/* End PBXBuildFile section */

/* Begin PBXContainerItemProxy section */
		BDABEF1F2B86875400740FD4 /* PBXContainerItemProxy */ = {
			isa = PBXContainerItemProxy;
			containerPortal = BDABEEF12B86745200740FD4 /* Project object */;
			proxyType = 1;
			remoteGlobalIDString = BDABEEF82B86745200740FD4;
			remoteInfo = NewYorkSchoolsList;
		};
/* End PBXContainerItemProxy section */

/* Begin PBXFileReference section */
		BDABEEF92B86745200740FD4 /* NewYorkSchoolsList.app */ = {isa = PBXFileReference; explicitFileType = wrapper.application; includeInIndex = 0; path = NewYorkSchoolsList.app; sourceTree = BUILT_PRODUCTS_DIR; };
		BDABEEFC2B86745200740FD4 /* NewYorkSchoolsListApp.swift */ = {isa = PBXFileReference; lastKnownFileType = sourcecode.swift; path = NewYorkSchoolsListApp.swift; sourceTree = "<group>"; };
		BDABEEFE2B86745200740FD4 /* MainSchoolView.swift */ = {isa = PBXFileReference; lastKnownFileType = sourcecode.swift; path = MainSchoolView.swift; sourceTree = "<group>"; };
		BDABEF002B86745400740FD4 /* Assets.xcassets */ = {isa = PBXFileReference; lastKnownFileType = folder.assetcatalog; path = Assets.xcassets; sourceTree = "<group>"; };
		BDABEF032B86745400740FD4 /* Preview Assets.xcassets */ = {isa = PBXFileReference; lastKnownFileType = folder.assetcatalog; path = "Preview Assets.xcassets"; sourceTree = "<group>"; };
		BDABEF0A2B86752D00740FD4 /* School.json */ = {isa = PBXFileReference; lastKnownFileType = text.json; name = School.json; path = ../../School.json; sourceTree = "<group>"; };
		BDABEF112B86776700740FD4 /* MainSchoolViewModel.swift */ = {isa = PBXFileReference; lastKnownFileType = sourcecode.swift; path = MainSchoolViewModel.swift; sourceTree = "<group>"; };
		BDABEF142B86778300740FD4 /* School.swift */ = {isa = PBXFileReference; lastKnownFileType = sourcecode.swift; path = School.swift; sourceTree = "<group>"; };
		BDABEF152B8677A800740FD4 /* MainSchoolViewModel.swift */ = {isa = PBXFileReference; fileEncoding = 4; lastKnownFileType = sourcecode.swift; name = MainSchoolViewModel.swift; path = ../../../MainSchoolViewModel.swift; sourceTree = "<group>"; };
		BDABEF1B2B86875400740FD4 /* NewYorkSchoolsListTests.xctest */ = {isa = PBXFileReference; explicitFileType = wrapper.cfbundle; includeInIndex = 0; path = NewYorkSchoolsListTests.xctest; sourceTree = BUILT_PRODUCTS_DIR; };
		BDABEF1D2B86875400740FD4 /* NewYorkSchoolsListTests.swift */ = {isa = PBXFileReference; lastKnownFileType = sourcecode.swift; path = NewYorkSchoolsListTests.swift; sourceTree = "<group>"; };
/* End PBXFileReference section */

/* Begin PBXFrameworksBuildPhase section */
		BDABEEF62B86745200740FD4 /* Frameworks */ = {
			isa = PBXFrameworksBuildPhase;
			buildActionMask = 2147483647;
			files = (
			);
			runOnlyForDeploymentPostprocessing = 0;
		};
		BDABEF182B86875400740FD4 /* Frameworks */ = {
			isa = PBXFrameworksBuildPhase;
			buildActionMask = 2147483647;
			files = (
			);
			runOnlyForDeploymentPostprocessing = 0;
		};
/* End PBXFrameworksBuildPhase section */

/* Begin PBXGroup section */
		BDABEEF02B86745200740FD4 = {
			isa = PBXGroup;
			children = (
				BDABEEFB2B86745200740FD4 /* NewYorkSchoolsList */,
				BDABEF1C2B86875400740FD4 /* NewYorkSchoolsListTests */,
				BDABEEFA2B86745200740FD4 /* Products */,
			);
			sourceTree = "<group>";
		};
		BDABEEFA2B86745200740FD4 /* Products */ = {
			isa = PBXGroup;
			children = (
				BDABEEF92B86745200740FD4 /* NewYorkSchoolsList.app */,
				BDABEF1B2B86875400740FD4 /* NewYorkSchoolsListTests.xctest */,
			);
			name = Products;
			sourceTree = "<group>";
		};
		BDABEEFB2B86745200740FD4 /* NewYorkSchoolsList */ = {
			isa = PBXGroup;
			children = (
				BDABEEFC2B86745200740FD4 /* NewYorkSchoolsListApp.swift */,
				BDABEEFE2B86745200740FD4 /* MainSchoolView.swift */,
				BDABEF002B86745400740FD4 /* Assets.xcassets */,
				BDABEF022B86745400740FD4 /* Preview Content */,
				BDABEF0A2B86752D00740FD4 /* School.json */,
				BDABEF122B86777100740FD4 /* Model */,
				BDABEF102B86776100740FD4 /* ViewModel */,
			);
			path = NewYorkSchoolsList;
			sourceTree = "<group>";
		};
		BDABEF022B86745400740FD4 /* Preview Content */ = {
			isa = PBXGroup;
			children = (
				BDABEF032B86745400740FD4 /* Preview Assets.xcassets */,
			);
			path = "Preview Content";
			sourceTree = "<group>";
		};
		BDABEF102B86776100740FD4 /* ViewModel */ = {
			isa = PBXGroup;
			children = (
				BDABEF152B8677A800740FD4 /* MainSchoolViewModel.swift */,
				BDABEF112B86776700740FD4 /* MainSchoolViewModel.swift */,
			);
			path = ViewModel;
			sourceTree = "<group>";
		};
		BDABEF122B86777100740FD4 /* Model */ = {
			isa = PBXGroup;
			children = (
				BDABEF142B86778300740FD4 /* School.swift */,
			);
			path = Model;
			sourceTree = "<group>";
		};
		BDABEF1C2B86875400740FD4 /* NewYorkSchoolsListTests */ = {
			isa = PBXGroup;
			children = (
				BDABEF1D2B86875400740FD4 /* NewYorkSchoolsListTests.swift */,
			);
			path = NewYorkSchoolsListTests;
			sourceTree = "<group>";
		};
/* End PBXGroup section */

/* Begin PBXNativeTarget section */
		BDABEEF82B86745200740FD4 /* NewYorkSchoolsList */ = {
			isa = PBXNativeTarget;
			buildConfigurationList = BDABEF072B86745400740FD4 /* Build configuration list for PBXNativeTarget "NewYorkSchoolsList" */;
			buildPhases = (
				BDABEEF52B86745200740FD4 /* Sources */,
				BDABEEF62B86745200740FD4 /* Frameworks */,
				BDABEEF72B86745200740FD4 /* Resources */,
			);
			buildRules = (
			);
			dependencies = (
			);
			name = NewYorkSchoolsList;
			productName = NewYorkSchoolsList;
			productReference = BDABEEF92B86745200740FD4 /* NewYorkSchoolsList.app */;
			productType = "com.apple.product-type.application";
		};
		BDABEF1A2B86875400740FD4 /* NewYorkSchoolsListTests */ = {
			isa = PBXNativeTarget;
			buildConfigurationList = BDABEF212B86875400740FD4 /* Build configuration list for PBXNativeTarget "NewYorkSchoolsListTests" */;
			buildPhases = (
				BDABEF172B86875400740FD4 /* Sources */,
				BDABEF182B86875400740FD4 /* Frameworks */,
				BDABEF192B86875400740FD4 /* Resources */,
			);
			buildRules = (
			);
			dependencies = (
				BDABEF202B86875400740FD4 /* PBXTargetDependency */,
			);
			name = NewYorkSchoolsListTests;
			productName = NewYorkSchoolsListTests;
			productReference = BDABEF1B2B86875400740FD4 /* NewYorkSchoolsListTests.xctest */;
			productType = "com.apple.product-type.bundle.unit-test";
		};
/* End PBXNativeTarget section */

/* Begin PBXProject section */
		BDABEEF12B86745200740FD4 /* Project object */ = {
			isa = PBXProject;
			attributes = {
				BuildIndependentTargetsInParallel = 1;
				LastSwiftUpdateCheck = 1520;
				LastUpgradeCheck = 1520;
				TargetAttributes = {
					BDABEEF82B86745200740FD4 = {
						CreatedOnToolsVersion = 15.2;
					};
					BDABEF1A2B86875400740FD4 = {
						CreatedOnToolsVersion = 15.2;
						TestTargetID = BDABEEF82B86745200740FD4;
					};
				};
			};
			buildConfigurationList = BDABEEF42B86745200740FD4 /* Build configuration list for PBXProject "NewYorkSchoolsList" */;
			compatibilityVersion = "Xcode 14.0";
			developmentRegion = en;
			hasScannedForEncodings = 0;
			knownRegions = (
				en,
				Base,
			);
			mainGroup = BDABEEF02B86745200740FD4;
			productRefGroup = BDABEEFA2B86745200740FD4 /* Products */;
			projectDirPath = "";
			projectRoot = "";
			targets = (
				BDABEEF82B86745200740FD4 /* NewYorkSchoolsList */,
				BDABEF1A2B86875400740FD4 /* NewYorkSchoolsListTests */,
			);
		};
/* End PBXProject section */

/* Begin PBXResourcesBuildPhase section */
		BDABEEF72B86745200740FD4 /* Resources */ = {
			isa = PBXResourcesBuildPhase;
			buildActionMask = 2147483647;
			files = (
				BDABEF042B86745400740FD4 /* Preview Assets.xcassets in Resources */,
				BDABEF012B86745400740FD4 /* Assets.xcassets in Resources */,
				BDABEF0B2B86752D00740FD4 /* School.json in Resources */,
			);
			runOnlyForDeploymentPostprocessing = 0;
		};
		BDABEF192B86875400740FD4 /* Resources */ = {
			isa = PBXResourcesBuildPhase;
			buildActionMask = 2147483647;
			files = (
			);
			runOnlyForDeploymentPostprocessing = 0;
		};
/* End PBXResourcesBuildPhase section */

/* Begin PBXSourcesBuildPhase section */
		BDABEEF52B86745200740FD4 /* Sources */ = {
			isa = PBXSourcesBuildPhase;
			buildActionMask = 2147483647;
			files = (
				BDABEEFF2B86745200740FD4 /* MainSchoolView.swift in Sources */,
				BDABEEFD2B86745200740FD4 /* NewYorkSchoolsListApp.swift in Sources */,
				BDABEF162B8677A800740FD4 /* MainSchoolViewModel.swift in Sources */,
			);
			runOnlyForDeploymentPostprocessing = 0;
		};
		BDABEF172B86875400740FD4 /* Sources */ = {
			isa = PBXSourcesBuildPhase;
			buildActionMask = 2147483647;
			files = (
				BDABEF1E2B86875400740FD4 /* NewYorkSchoolsListTests.swift in Sources */,
			);
			runOnlyForDeploymentPostprocessing = 0;
		};
/* End PBXSourcesBuildPhase section */

/* Begin PBXTargetDependency section */
		BDABEF202B86875400740FD4 /* PBXTargetDependency */ = {
			isa = PBXTargetDependency;
			target = BDABEEF82B86745200740FD4 /* NewYorkSchoolsList */;
			targetProxy = BDABEF1F2B86875400740FD4 /* PBXContainerItemProxy */;
		};
/* End PBXTargetDependency section */

/* Begin XCBuildConfiguration section */
		BDABEF052B86745400740FD4 /* Debug */ = {
			isa = XCBuildConfiguration;
			buildSettings = {
				ALWAYS_SEARCH_USER_PATHS = NO;
				ASSETCATALOG_COMPILER_GENERATE_SWIFT_ASSET_SYMBOL_EXTENSIONS = YES;
				CLANG_ANALYZER_NONNULL = YES;
				CLANG_ANALYZER_NUMBER_OBJECT_CONVERSION = YES_AGGRESSIVE;
				CLANG_CXX_LANGUAGE_STANDARD = "gnu++20";
				CLANG_ENABLE_MODULES = YES;
				CLANG_ENABLE_OBJC_ARC = YES;
				CLANG_ENABLE_OBJC_WEAK = YES;
				CLANG_WARN_BLOCK_CAPTURE_AUTORELEASING = YES;
				CLANG_WARN_BOOL_CONVERSION = YES;
				CLANG_WARN_COMMA = YES;
				CLANG_WARN_CONSTANT_CONVERSION = YES;
				CLANG_WARN_DEPRECATED_OBJC_IMPLEMENTATIONS = YES;
				CLANG_WARN_DIRECT_OBJC_ISA_USAGE = YES_ERROR;
				CLANG_WARN_DOCUMENTATION_COMMENTS = YES;
				CLANG_WARN_EMPTY_BODY = YES;
				CLANG_WARN_ENUM_CONVERSION = YES;
				CLANG_WARN_INFINITE_RECURSION = YES;
				CLANG_WARN_INT_CONVERSION = YES;
				CLANG_WARN_NON_LITERAL_NULL_CONVERSION = YES;
				CLANG_WARN_OBJC_IMPLICIT_RETAIN_SELF = YES;
				CLANG_WARN_OBJC_LITERAL_CONVERSION = YES;
				CLANG_WARN_OBJC_ROOT_CLASS = YES_ERROR;
				CLANG_WARN_QUOTED_INCLUDE_IN_FRAMEWORK_HEADER = YES;
				CLANG_WARN_RANGE_LOOP_ANALYSIS = YES;
				CLANG_WARN_STRICT_PROTOTYPES = YES;
				CLANG_WARN_SUSPICIOUS_MOVE = YES;
				CLANG_WARN_UNGUARDED_AVAILABILITY = YES_AGGRESSIVE;
				CLANG_WARN_UNREACHABLE_CODE = YES;
				CLANG_WARN__DUPLICATE_METHOD_MATCH = YES;
				COPY_PHASE_STRIP = NO;
				DEBUG_INFORMATION_FORMAT = dwarf;
				ENABLE_STRICT_OBJC_MSGSEND = YES;
				ENABLE_TESTABILITY = YES;
				ENABLE_USER_SCRIPT_SANDBOXING = YES;
				GCC_C_LANGUAGE_STANDARD = gnu17;
				GCC_DYNAMIC_NO_PIC = NO;
				GCC_NO_COMMON_BLOCKS = YES;
				GCC_OPTIMIZATION_LEVEL = 0;
				GCC_PREPROCESSOR_DEFINITIONS = (
					"DEBUG=1",
					"$(inherited)",
				);
				GCC_WARN_64_TO_32_BIT_CONVERSION = YES;
				GCC_WARN_ABOUT_RETURN_TYPE = YES_ERROR;
				GCC_WARN_UNDECLARED_SELECTOR = YES;
				GCC_WARN_UNINITIALIZED_AUTOS = YES_AGGRESSIVE;
				GCC_WARN_UNUSED_FUNCTION = YES;
				GCC_WARN_UNUSED_VARIABLE = YES;
				IPHONEOS_DEPLOYMENT_TARGET = 17.2;
				LOCALIZATION_PREFERS_STRING_CATALOGS = YES;
				MTL_ENABLE_DEBUG_INFO = INCLUDE_SOURCE;
				MTL_FAST_MATH = YES;
				ONLY_ACTIVE_ARCH = YES;
				SDKROOT = iphoneos;
				SWIFT_ACTIVE_COMPILATION_CONDITIONS = "DEBUG $(inherited)";
				SWIFT_OPTIMIZATION_LEVEL = "-Onone";
			};
			name = Debug;
		};
		BDABEF062B86745400740FD4 /* Release */ = {
			isa = XCBuildConfiguration;
			buildSettings = {
				ALWAYS_SEARCH_USER_PATHS = NO;
				ASSETCATALOG_COMPILER_GENERATE_SWIFT_ASSET_SYMBOL_EXTENSIONS = YES;
				CLANG_ANALYZER_NONNULL = YES;
				CLANG_ANALYZER_NUMBER_OBJECT_CONVERSION = YES_AGGRESSIVE;
				CLANG_CXX_LANGUAGE_STANDARD = "gnu++20";
				CLANG_ENABLE_MODULES = YES;
				CLANG_ENABLE_OBJC_ARC = YES;
				CLANG_ENABLE_OBJC_WEAK = YES;
				CLANG_WARN_BLOCK_CAPTURE_AUTORELEASING = YES;
				CLANG_WARN_BOOL_CONVERSION = YES;
				CLANG_WARN_COMMA = YES;
				CLANG_WARN_CONSTANT_CONVERSION = YES;
				CLANG_WARN_DEPRECATED_OBJC_IMPLEMENTATIONS = YES;
				CLANG_WARN_DIRECT_OBJC_ISA_USAGE = YES_ERROR;
				CLANG_WARN_DOCUMENTATION_COMMENTS = YES;
				CLANG_WARN_EMPTY_BODY = YES;
				CLANG_WARN_ENUM_CONVERSION = YES;
				CLANG_WARN_INFINITE_RECURSION = YES;
				CLANG_WARN_INT_CONVERSION = YES;
				CLANG_WARN_NON_LITERAL_NULL_CONVERSION = YES;
				CLANG_WARN_OBJC_IMPLICIT_RETAIN_SELF = YES;
				CLANG_WARN_OBJC_LITERAL_CONVERSION = YES;
				CLANG_WARN_OBJC_ROOT_CLASS = YES_ERROR;
				CLANG_WARN_QUOTED_INCLUDE_IN_FRAMEWORK_HEADER = YES;
				CLANG_WARN_RANGE_LOOP_ANALYSIS = YES;
				CLANG_WARN_STRICT_PROTOTYPES = YES;
				CLANG_WARN_SUSPICIOUS_MOVE = YES;
				CLANG_WARN_UNGUARDED_AVAILABILITY = YES_AGGRESSIVE;
				CLANG_WARN_UNREACHABLE_CODE = YES;
				CLANG_WARN__DUPLICATE_METHOD_MATCH = YES;
				COPY_PHASE_STRIP = NO;
				DEBUG_INFORMATION_FORMAT = "dwarf-with-dsym";
				ENABLE_NS_ASSERTIONS = NO;
				ENABLE_STRICT_OBJC_MSGSEND = YES;
				ENABLE_USER_SCRIPT_SANDBOXING = YES;
				GCC_C_LANGUAGE_STANDARD = gnu17;
				GCC_NO_COMMON_BLOCKS = YES;
				GCC_WARN_64_TO_32_BIT_CONVERSION = YES;
				GCC_WARN_ABOUT_RETURN_TYPE = YES_ERROR;
				GCC_WARN_UNDECLARED_SELECTOR = YES;
				GCC_WARN_UNINITIALIZED_AUTOS = YES_AGGRESSIVE;
				GCC_WARN_UNUSED_FUNCTION = YES;
				GCC_WARN_UNUSED_VARIABLE = YES;
				IPHONEOS_DEPLOYMENT_TARGET = 17.2;
				LOCALIZATION_PREFERS_STRING_CATALOGS = YES;
				MTL_ENABLE_DEBUG_INFO = NO;
				MTL_FAST_MATH = YES;
				SDKROOT = iphoneos;
				SWIFT_COMPILATION_MODE = wholemodule;
				VALIDATE_PRODUCT = YES;
			};
			name = Release;
		};
		BDABEF082B86745400740FD4 /* Debug */ = {
			isa = XCBuildConfiguration;
			buildSettings = {
				ASSETCATALOG_COMPILER_APPICON_NAME = AppIcon;
				ASSETCATALOG_COMPILER_GLOBAL_ACCENT_COLOR_NAME = AccentColor;
				CODE_SIGN_STYLE = Automatic;
				CURRENT_PROJECT_VERSION = 1;
				DEVELOPMENT_ASSET_PATHS = "\"NewYorkSchoolsList/Preview Content\"";
				ENABLE_PREVIEWS = YES;
				GENERATE_INFOPLIST_FILE = YES;
				INFOPLIST_KEY_UIApplicationSceneManifest_Generation = YES;
				INFOPLIST_KEY_UIApplicationSupportsIndirectInputEvents = YES;
				INFOPLIST_KEY_UILaunchScreen_Generation = YES;
				INFOPLIST_KEY_UISupportedInterfaceOrientations_iPad = "UIInterfaceOrientationPortrait UIInterfaceOrientationPortraitUpsideDown UIInterfaceOrientationLandscapeLeft UIInterfaceOrientationLandscapeRight";
				INFOPLIST_KEY_UISupportedInterfaceOrientations_iPhone = "UIInterfaceOrientationPortrait UIInterfaceOrientationLandscapeLeft UIInterfaceOrientationLandscapeRight";
				LD_RUNPATH_SEARCH_PATHS = (
					"$(inherited)",
					"@executable_path/Frameworks",
				);
				MARKETING_VERSION = 1.0;
				PRODUCT_BUNDLE_IDENTIFIER = com.NewYorkSchoolsList;
				PRODUCT_NAME = "$(TARGET_NAME)";
				SWIFT_EMIT_LOC_STRINGS = YES;
				SWIFT_VERSION = 5.0;
				TARGETED_DEVICE_FAMILY = "1,2";
			};
			name = Debug;
		};
		BDABEF092B86745400740FD4 /* Release */ = {
			isa = XCBuildConfiguration;
			buildSettings = {
				ASSETCATALOG_COMPILER_APPICON_NAME = AppIcon;
				ASSETCATALOG_COMPILER_GLOBAL_ACCENT_COLOR_NAME = AccentColor;
				CODE_SIGN_STYLE = Automatic;
				CURRENT_PROJECT_VERSION = 1;
				DEVELOPMENT_ASSET_PATHS = "\"NewYorkSchoolsList/Preview Content\"";
				ENABLE_PREVIEWS = YES;
				GENERATE_INFOPLIST_FILE = YES;
				INFOPLIST_KEY_UIApplicationSceneManifest_Generation = YES;
				INFOPLIST_KEY_UIApplicationSupportsIndirectInputEvents = YES;
				INFOPLIST_KEY_UILaunchScreen_Generation = YES;
				INFOPLIST_KEY_UISupportedInterfaceOrientations_iPad = "UIInterfaceOrientationPortrait UIInterfaceOrientationPortraitUpsideDown UIInterfaceOrientationLandscapeLeft UIInterfaceOrientationLandscapeRight";
				INFOPLIST_KEY_UISupportedInterfaceOrientations_iPhone = "UIInterfaceOrientationPortrait UIInterfaceOrientationLandscapeLeft UIInterfaceOrientationLandscapeRight";
				LD_RUNPATH_SEARCH_PATHS = (
					"$(inherited)",
					"@executable_path/Frameworks",
				);
				MARKETING_VERSION = 1.0;
				PRODUCT_BUNDLE_IDENTIFIER = com.NewYorkSchoolsList;
				PRODUCT_NAME = "$(TARGET_NAME)";
				SWIFT_EMIT_LOC_STRINGS = YES;
				SWIFT_VERSION = 5.0;
				TARGETED_DEVICE_FAMILY = "1,2";
			};
			name = Release;
		};
		BDABEF222B86875400740FD4 /* Debug */ = {
			isa = XCBuildConfiguration;
			buildSettings = {
				BUNDLE_LOADER = "$(TEST_HOST)";
				CODE_SIGN_STYLE = Automatic;
				CURRENT_PROJECT_VERSION = 1;
				GENERATE_INFOPLIST_FILE = YES;
				MARKETING_VERSION = 1.0;
				PRODUCT_BUNDLE_IDENTIFIER = com.NewYorkSchoolsListTests;
				PRODUCT_NAME = "$(TARGET_NAME)";
				SWIFT_EMIT_LOC_STRINGS = NO;
				SWIFT_VERSION = 5.0;
				TARGETED_DEVICE_FAMILY = "1,2";
				TEST_HOST = "$(BUILT_PRODUCTS_DIR)/NewYorkSchoolsList.app/$(BUNDLE_EXECUTABLE_FOLDER_PATH)/NewYorkSchoolsList";
			};
			name = Debug;
		};
		BDABEF232B86875400740FD4 /* Release */ = {
			isa = XCBuildConfiguration;
			buildSettings = {
				BUNDLE_LOADER = "$(TEST_HOST)";
				CODE_SIGN_STYLE = Automatic;
				CURRENT_PROJECT_VERSION = 1;
				GENERATE_INFOPLIST_FILE = YES;
				MARKETING_VERSION = 1.0;
				PRODUCT_BUNDLE_IDENTIFIER = com.NewYorkSchoolsListTests;
				PRODUCT_NAME = "$(TARGET_NAME)";
				SWIFT_EMIT_LOC_STRINGS = NO;
				SWIFT_VERSION = 5.0;
				TARGETED_DEVICE_FAMILY = "1,2";
				TEST_HOST = "$(BUILT_PRODUCTS_DIR)/NewYorkSchoolsList.app/$(BUNDLE_EXECUTABLE_FOLDER_PATH)/NewYorkSchoolsList";
			};
			name = Release;
		};
/* End XCBuildConfiguration section */

/* Begin XCConfigurationList section */
		BDABEEF42B86745200740FD4 /* Build configuration list for PBXProject "NewYorkSchoolsList" */ = {
			isa = XCConfigurationList;
			buildConfigurations = (
				BDABEF052B86745400740FD4 /* Debug */,
				BDABEF062B86745400740FD4 /* Release */,
			);
			defaultConfigurationIsVisible = 0;
			defaultConfigurationName = Release;
		};
		BDABEF072B86745400740FD4 /* Build configuration list for PBXNativeTarget "NewYorkSchoolsList" */ = {
			isa = XCConfigurationList;
			buildConfigurations = (
				BDABEF082B86745400740FD4 /* Debug */,
				BDABEF092B86745400740FD4 /* Release */,
			);
			defaultConfigurationIsVisible = 0;
			defaultConfigurationName = Release;
		};
		BDABEF212B86875400740FD4 /* Build configuration list for PBXNativeTarget "NewYorkSchoolsListTests" */ = {
			isa = XCConfigurationList;
			buildConfigurations = (
				BDABEF222B86875400740FD4 /* Debug */,
				BDABEF232B86875400740FD4 /* Release */,
			);
			defaultConfigurationIsVisible = 0;
			defaultConfigurationName = Release;
		};
/* End XCConfigurationList section */
	};
	rootObject = BDABEEF12B86745200740FD4 /* Project object */;
}
